<Solution>
  <Project Path="Exercicio01/Exercicio01.csproj" />
  <Project Path="Exercicio02/Exercicio02.csproj" />
  <Project Path="Exercicio03/Exercicio03.csproj" Id="d70dc5f2-d551-499d-b928-888908d0e1ad" />
  <Project Path="Exercicio04/Exercicio04.csproj" Id="7ba06dde-324e-4a1f-90d8-8ff9bcfcb0d9" />
  <Project Path="Exercicio05/Exercicio05.csproj" Id="c9f62776-9a57-42eb-a226-5de13d03d1a0" />
  <Project Path="Exercicio06/Exercicio06.csproj" Id="b7060465-e1ec-49eb-a82a-f03202beb5b3" />
  <Project Path="Exercicio07/Exercicio07.csproj" Id="f88c4fb4-740b-4ae7-9104-168bc34670d7" />
  <Project Path="Exercicio08/Exercicio08.csproj" Id="5d2f3395-fb34-4572-9de5-c0ac37fd440b" />
  <Project Path="Exercicio09/Exercicio09.csproj" Id="8f40e8f3-36b8-4bfe-b7dd-07adb062d862" />
  <Project Path="Exercicio10/Exercicio10.csproj" Id="77ac4160-c908-4108-ad46-ab7415e4a30a" />
  <Project Path="Exercicio11/Exercicio11.csproj" Id="f43b20cb-8c50-40e9-8ade-22e23b790515" />
  <Project Path="Exercicio12/Exercicio12.csproj" Id="1c3f8e61-8ec9-4b89-96ae-9aa8135836af" />
  <Project Path="Exercicio13/Exercicio13.csproj" Id="ad6037dc-c0c2-45c6-a679-4480de99a35f" />
  <Project Path="Exercicio14/Exercicio14.csproj" Id="d69d9251-8509-45c6-83fc-783eb2154ccd" />
</Solution>
